;;;;;;;;;;;;;;;;;;;;;;;;;;;;;;;;;;;;;;;;;;;;;;;;;;;;;;;;;;;;;;;;;;;;;;;;;;;;;;;;
;; This is autogenerated by CLPM. Do not edit by hand.
;;;;;;;;;;;;;;;;;;;;;;;;;;;;;;;;;;;;;;;;;;;;;;;;;;;;;;;;;;;;;;;;;;;;;;;;;;;;;;;;

(:api-version "0.4")

;;;;;;;;;;;;;;;;;;;;;;;;;;;;;;;;;;;;;;;;;;;;;;;;;;;;;;;;;;;;;;;;;;;;;;;;;;;;;;;;
;; BEGIN SOURCES
;;;;;;;;;;;;;;;;;;;;;;;;;;;;;;;;;;;;;;;;;;;;;;;;;;;;;;;;;;;;;;;;;;;;;;;;;;;;;;;;

:sources
(:implicit-file :type :file-system :system-files ("asdf-release-ops.asd"))
(:implicit-file :type :file-system :system-files ("asdf-release-ops-test.asd"))
("quicklisp" :url "https://quicklisp.common-lisp-project-index.org/" :type
 :ql-clpi)


;;;;;;;;;;;;;;;;;;;;;;;;;;;;;;;;;;;;;;;;;;;;;;;;;;;;;;;;;;;;;;;;;;;;;;;;;;;;;;;;
;; BEGIN REQUIREMENTS
;;;;;;;;;;;;;;;;;;;;;;;;;;;;;;;;;;;;;;;;;;;;;;;;;;;;;;;;;;;;;;;;;;;;;;;;;;;;;;;;

:requirements
(:asd-file :name "asdf-release-ops.asd")
(:asd-file :name "asdf-release-ops-test.asd")


;;;;;;;;;;;;;;;;;;;;;;;;;;;;;;;;;;;;;;;;;;;;;;;;;;;;;;;;;;;;;;;;;;;;;;;;;;;;;;;;
;; BEGIN RELEASES
;;;;;;;;;;;;;;;;;;;;;;;;;;;;;;;;;;;;;;;;;;;;;;;;;;;;;;;;;;;;;;;;;;;;;;;;;;;;;;;;

:releases
("3bz" :version "2020-12-20" :source "quicklisp" :systems ("3bz"))
("alexandria" :version "2021-08-07" :source "quicklisp" :systems ("alexandria"))
("archive" :version "2016-03-18" :source "quicklisp" :systems ("archive"))
("asdf-flv" :version "2016-04-21" :source "quicklisp" :systems
 ("net.didierverna.asdf-flv"))
("asdf-release-ops-test.asd" :version :newest :source :implicit-file :systems
 ("asdf-release-ops-test" "asdf-release-ops-test/lisp-curl"))
("asdf-release-ops.asd" :version :newest :source :implicit-file :systems
 ("asdf-release-ops" "asdf-release-ops/archive"
  "asdf-release-ops/cffi-toolchain" "asdf-release-ops/lisp-invocation"
  "asdf-release-ops/osicat"))
("babel" :version "2020-09-25" :source "quicklisp" :systems ("babel"))
("bordeaux-threads" :version "2020-06-10" :source "quicklisp" :systems
 ("bordeaux-threads"))
("cffi" :version "2021-04-11" :source "quicklisp" :systems
 ("cffi" "cffi-grovel" "cffi-toolchain"))
("chipz" :version "2021-08-07" :source "quicklisp" :systems ("chipz"))
("chunga" :version "2020-04-27" :source "quicklisp" :systems ("chunga"))
("cl+ssl" :version "2021-08-07" :source "quicklisp" :systems ("cl+ssl"))
("cl-base64" :version "2020-10-16" :source "quicklisp" :systems ("cl-base64"))
("cl-fad" :version "2021-01-24" :source "quicklisp" :systems ("cl-fad"))
("cl-ppcre" :version "2019-05-21" :source "quicklisp" :systems ("cl-ppcre"))
("documentation-utils" :version "2019-07-11" :source "quicklisp" :systems
 ("documentation-utils"))
("drakma" :version "2021-08-07" :source "quicklisp" :systems ("drakma"))
("file-attributes" :version "2021-08-07" :source "quicklisp" :systems
 ("file-attributes"))
("fiveam" :version "2020-09-25" :source "quicklisp" :systems ("fiveam"))
("flexi-streams" :version "2021-08-07" :source "quicklisp" :systems
 ("flexi-streams"))
("lisp-invocation" :version "2018-02-28" :source "quicklisp" :systems
 ("lisp-invocation"))
("mmap" :version "2020-12-20" :source "quicklisp" :systems ("mmap"))
("nibbles" :version "2021-05-31" :source "quicklisp" :systems ("nibbles"))
("osicat" :version "2021-02-28" :source "quicklisp" :systems ("osicat"))
("pathname-utils" :version "2021-05-31" :source "quicklisp" :systems
 ("pathname-utils"))
("puri" :version "2020-10-16" :source "quicklisp" :systems ("puri"))
("salza2" :version "2013-07-20" :source "quicklisp" :systems ("salza2"))
("split-sequence" :version "2021-05-31" :source "quicklisp" :systems
 ("split-sequence"))
("trivial-backtrace" :version "2020-06-10" :source "quicklisp" :systems
 ("trivial-backtrace"))
("trivial-features" :version "2021-04-11" :source "quicklisp" :systems
 ("trivial-features"))
("trivial-garbage" :version "2020-09-25" :source "quicklisp" :systems
 ("trivial-garbage"))
("trivial-gray-streams" :version "2021-01-24" :source "quicklisp" :systems
 ("trivial-gray-streams"))
("trivial-indent" :version "2021-05-31" :source "quicklisp" :systems
 ("trivial-indent"))
("usocket" :version "2019-12-27" :source "quicklisp" :systems ("usocket"))
("zippy" :version "2021-06-30" :source "quicklisp" :systems ("zippy"))


;;;;;;;;;;;;;;;;;;;;;;;;;;;;;;;;;;;;;;;;;;;;;;;;;;;;;;;;;;;;;;;;;;;;;;;;;;;;;;;;
;; BEGIN REVERSE-DEPENDENCIES
;;;;;;;;;;;;;;;;;;;;;;;;;;;;;;;;;;;;;;;;;;;;;;;;;;;;;;;;;;;;;;;;;;;;;;;;;;;;;;;;

:reverse-dependencies
("3bz" ((:system :name "zippy") (:system :name "3bz")))

("alexandria" ((:system :name "zippy") (:system :name "alexandria"))
 ((:system :name "osicat") (:system :name "alexandria"))
 ((:system :name "fiveam") (:system :name "alexandria"))
 ((:system :name "cl-fad") (:system :name "alexandria"))
 ((:system :name "cl+ssl") (:system :name "alexandria"))
 ((:system :name "cffi-grovel") (:system :name "alexandria"))
 ((:system :name "cffi") (:system :name "alexandria"))
 ((:system :name "bordeaux-threads") (:system :name "alexandria"))
 ((:system :name "babel") (:system :name "alexandria"))
 ((:system :name "3bz") (:system :name "alexandria")))

("archive"
 ((:system :name "asdf-release-ops/archive") (:system :name "archive")))

("asdf-flv"
 ((:system :name "fiveam") (:system :name "net.didierverna.asdf-flv")))

("asdf-release-ops-test.asd" (t (:asd-file :name "asdf-release-ops-test.asd")))

("asdf-release-ops.asd"
 ((:system :name "asdf-release-ops/osicat") (:system :name "asdf-release-ops"))
 ((:system :name "asdf-release-ops/archive")
  (:system :name "asdf-release-ops"))
 ((:system :name "asdf-release-ops-test/lisp-curl")
  (:system :name "asdf-release-ops"))
 ((:system :name "asdf-release-ops-test/lisp-curl")
  (:system :name "asdf-release-ops"))
 ((:system :name "asdf-release-ops-test") (:system :name "asdf-release-ops"))
 ((:system :name "asdf-release-ops-test") (:system :name "asdf-release-ops"))
 (t (:asd-file :name "asdf-release-ops.asd")))

("babel" ((:system :name "zippy") (:system :name "babel"))
 ((:system :name "cffi") (:system :name "babel"))
 ((:system :name "3bz") (:system :name "babel")))

("bordeaux-threads"
 ((:system :name "cl-fad") (:system :name "bordeaux-threads"))
 ((:system :name "cl+ssl") (:system :name "bordeaux-threads")))

("cffi" ((:system :name "osicat") (:system :name "cffi"))
 ((:system :name "osicat") (:system :name "cffi-grovel"))
 ((:system :name "mmap") (:system :name "cffi"))
 ((:system :name "file-attributes") (:system :name "cffi"))
 ((:system :name "cl+ssl") (:system :name "cffi"))
 ((:system :name "cffi-toolchain") (:system :name "cffi"))
 ((:system :name "cffi-grovel") (:system :name "cffi"))
 ((:system :name "cffi-grovel") (:system :name "cffi-toolchain"))
 ((:system :name "asdf-release-ops/cffi-toolchain")
  (:system :name "cffi-toolchain"))
 ((:system :name "3bz") (:system :name "cffi")))

("chipz" ((:system :name "drakma") (:system :name "chipz")))

("chunga" ((:system :name "drakma") (:system :name "chunga")))

("cl+ssl" ((:system :name "drakma") (:system :name "cl+ssl")))

("cl-base64" ((:system :name "drakma") (:system :name "cl-base64")))

("cl-fad" ((:system :name "archive") (:system :name "cl-fad")))

("cl-ppcre" ((:system :name "drakma") (:system :name "cl-ppcre")))

("documentation-utils"
 ((:system :name "zippy") (:system :name "documentation-utils"))
 ((:system :name "mmap") (:system :name "documentation-utils"))
 ((:system :name "file-attributes") (:system :name "documentation-utils")))

("drakma"
 ((:system :name "asdf-release-ops-test/lisp-curl") (:system :name "drakma")))

("file-attributes" ((:system :name "zippy") (:system :name "file-attributes")))

("fiveam" ((:system :name "asdf-release-ops-test") (:system :name "fiveam")))

("flexi-streams" ((:system :name "drakma") (:system :name "flexi-streams"))
 ((:system :name "cl+ssl") (:system :name "flexi-streams")))

("lisp-invocation"
 ((:system :name "asdf-release-ops/lisp-invocation")
  (:system :name "lisp-invocation")))

("mmap" ((:system :name "3bz") (:system :name "mmap")))

("nibbles" ((:system :name "zippy") (:system :name "nibbles"))
 ((:system :name "3bz") (:system :name "nibbles")))

("osicat" ((:system :name "asdf-release-ops/osicat") (:system :name "osicat")))

("pathname-utils" ((:system :name "zippy") (:system :name "pathname-utils")))

("puri" ((:system :name "drakma") (:system :name "puri")))

("salza2" ((:system :name "zippy") (:system :name "salza2"))
 ((:system :name "asdf-release-ops/archive") (:system :name "salza2")))

("split-sequence" ((:system :name "usocket") (:system :name "split-sequence")))

("trivial-backtrace"
 ((:system :name "fiveam") (:system :name "trivial-backtrace")))

("trivial-features"
 ((:system :name "osicat") (:system :name "trivial-features"))
 ((:system :name "mmap") (:system :name "trivial-features"))
 ((:system :name "file-attributes") (:system :name "trivial-features"))
 ((:system :name "cl+ssl") (:system :name "trivial-features"))
 ((:system :name "cffi") (:system :name "trivial-features"))
 ((:system :name "babel") (:system :name "trivial-features"))
 ((:system :name "3bz") (:system :name "trivial-features")))

("trivial-garbage" ((:system :name "cl+ssl") (:system :name "trivial-garbage")))

("trivial-gray-streams"
 ((:system :name "flexi-streams") (:system :name "trivial-gray-streams"))
 ((:system :name "cl+ssl") (:system :name "trivial-gray-streams"))
 ((:system :name "chunga") (:system :name "trivial-gray-streams"))
 ((:system :name "archive") (:system :name "trivial-gray-streams")))

("trivial-indent"
 ((:system :name "documentation-utils") (:system :name "trivial-indent")))

("usocket" ((:system :name "drakma") (:system :name "usocket"))
 ((:system :name "cl+ssl") (:system :name "usocket")))

("zippy" ((:system :name "asdf-release-ops/archive") (:system :name "zippy")))

